// !$*UTF8*$!
{
	archiveVersion = 1;
	classes = {
	};
	objectVersion = 46;
	objects = {

/* Begin PBXBuildFile section */
		C944FBAF1B48DE7C00BE434C /* AppDelegate.swift in Sources */ = {isa = PBXBuildFile; fileRef = C944FBAE1B48DE7C00BE434C /* AppDelegate.swift */; };
		C944FBB41B48DE7C00BE434C /* Main.storyboard in Resources */ = {isa = PBXBuildFile; fileRef = C944FBB21B48DE7C00BE434C /* Main.storyboard */; };
		C944FBB61B48DE7C00BE434C /* Images.xcassets in Resources */ = {isa = PBXBuildFile; fileRef = C944FBB51B48DE7C00BE434C /* Images.xcassets */; };
		C944FBB91B48DE7C00BE434C /* LaunchScreen.xib in Resources */ = {isa = PBXBuildFile; fileRef = C944FBB71B48DE7C00BE434C /* LaunchScreen.xib */; };
		C944FBC51B48DE7C00BE434C /* RS_RealmExampleTests.swift in Sources */ = {isa = PBXBuildFile; fileRef = C944FBC41B48DE7C00BE434C /* RS_RealmExampleTests.swift */; };
		C9A058F91B48DEE200B5BE6A /* RealmSwift.framework in Frameworks */ = {isa = PBXBuildFile; fileRef = C9A058F71B48DEE200B5BE6A /* RealmSwift.framework */; };
		C9A058FA1B48DEE900B5BE6A /* Realm.framework in Frameworks */ = {isa = PBXBuildFile; fileRef = C9A058F61B48DEE200B5BE6A /* Realm.framework */; };
		C9A058FB1B48DEE900B5BE6A /* Realm.framework in Embed Frameworks */ = {isa = PBXBuildFile; fileRef = C9A058F61B48DEE200B5BE6A /* Realm.framework */; settings = {ATTRIBUTES = (CodeSignOnCopy, RemoveHeadersOnCopy, ); }; };
		C9A058FD1B48DEE900B5BE6A /* RealmSwift.framework in Embed Frameworks */ = {isa = PBXBuildFile; fileRef = C9A058F71B48DEE200B5BE6A /* RealmSwift.framework */; settings = {ATTRIBUTES = (CodeSignOnCopy, RemoveHeadersOnCopy, ); }; };
		C9A059001B48DEF300B5BE6A /* libc++.dylib in Frameworks */ = {isa = PBXBuildFile; fileRef = C9A058FF1B48DEF300B5BE6A /* libc++.dylib */; };
		C9A059051B48DF6700B5BE6A /* NewItemViewController.swift in Sources */ = {isa = PBXBuildFile; fileRef = C9A059021B48DF6700B5BE6A /* NewItemViewController.swift */; };
		C9A059061B48DF6700B5BE6A /* ToDoItem.swift in Sources */ = {isa = PBXBuildFile; fileRef = C9A059031B48DF6700B5BE6A /* ToDoItem.swift */; };
		C9A059071B48DF6700B5BE6A /* ViewController.swift in Sources */ = {isa = PBXBuildFile; fileRef = C9A059041B48DF6700B5BE6A /* ViewController.swift */; };
/* End PBXBuildFile section */

/* Begin PBXContainerItemProxy section */
		C944FBBF1B48DE7C00BE434C /* PBXContainerItemProxy */ = {
			isa = PBXContainerItemProxy;
			containerPortal = C944FBA11B48DE7C00BE434C /* Project object */;
			proxyType = 1;
			remoteGlobalIDString = C944FBA81B48DE7C00BE434C;
			remoteInfo = "RS-RealmExample";
		};
/* End PBXContainerItemProxy section */

/* Begin PBXCopyFilesBuildPhase section */
		C9A058FE1B48DEE900B5BE6A /* Embed Frameworks */ = {
			isa = PBXCopyFilesBuildPhase;
			buildActionMask = 2147483647;
			dstPath = "";
			dstSubfolderSpec = 10;
			files = (
				C9A058FD1B48DEE900B5BE6A /* RealmSwift.framework in Embed Frameworks */,
				C9A058FB1B48DEE900B5BE6A /* Realm.framework in Embed Frameworks */,
			);
			name = "Embed Frameworks";
			runOnlyForDeploymentPostprocessing = 0;
		};
/* End PBXCopyFilesBuildPhase section */

/* Begin PBXFileReference section */
		C944FBA91B48DE7C00BE434C /* RS-RealmExample.app */ = {isa = PBXFileReference; explicitFileType = wrapper.application; includeInIndex = 0; path = "RS-RealmExample.app"; sourceTree = BUILT_PRODUCTS_DIR; };
		C944FBAD1B48DE7C00BE434C /* Info.plist */ = {isa = PBXFileReference; lastKnownFileType = text.plist.xml; path = Info.plist; sourceTree = "<group>"; };
		C944FBAE1B48DE7C00BE434C /* AppDelegate.swift */ = {isa = PBXFileReference; lastKnownFileType = sourcecode.swift; path = AppDelegate.swift; sourceTree = "<group>"; };
		C944FBB31B48DE7C00BE434C /* Base */ = {isa = PBXFileReference; lastKnownFileType = file.storyboard; name = Base; path = Base.lproj/Main.storyboard; sourceTree = "<group>"; };
		C944FBB51B48DE7C00BE434C /* Images.xcassets */ = {isa = PBXFileReference; lastKnownFileType = folder.assetcatalog; path = Images.xcassets; sourceTree = "<group>"; };
		C944FBB81B48DE7C00BE434C /* Base */ = {isa = PBXFileReference; lastKnownFileType = file.xib; name = Base; path = Base.lproj/LaunchScreen.xib; sourceTree = "<group>"; };
		C944FBBE1B48DE7C00BE434C /* RS-RealmExampleTests.xctest */ = {isa = PBXFileReference; explicitFileType = wrapper.cfbundle; includeInIndex = 0; path = "RS-RealmExampleTests.xctest"; sourceTree = BUILT_PRODUCTS_DIR; };
		C944FBC31B48DE7C00BE434C /* Info.plist */ = {isa = PBXFileReference; lastKnownFileType = text.plist.xml; path = Info.plist; sourceTree = "<group>"; };
		C944FBC41B48DE7C00BE434C /* RS_RealmExampleTests.swift */ = {isa = PBXFileReference; lastKnownFileType = sourcecode.swift; path = RS_RealmExampleTests.swift; sourceTree = "<group>"; };
		C9A058F61B48DEE200B5BE6A /* Realm.framework */ = {isa = PBXFileReference; lastKnownFileType = wrapper.framework; path = Realm.framework; sourceTree = "<group>"; };
		C9A058F71B48DEE200B5BE6A /* RealmSwift.framework */ = {isa = PBXFileReference; lastKnownFileType = wrapper.framework; path = RealmSwift.framework; sourceTree = "<group>"; };
		C9A058FF1B48DEF300B5BE6A /* libc++.dylib */ = {isa = PBXFileReference; lastKnownFileType = "compiled.mach-o.dylib"; name = "libc++.dylib"; path = "usr/lib/libc++.dylib"; sourceTree = SDKROOT; };
		C9A059021B48DF6700B5BE6A /* NewItemViewController.swift */ = {isa = PBXFileReference; fileEncoding = 4; lastKnownFileType = sourcecode.swift; path = NewItemViewController.swift; sourceTree = "<group>"; };
		C9A059031B48DF6700B5BE6A /* ToDoItem.swift */ = {isa = PBXFileReference; fileEncoding = 4; lastKnownFileType = sourcecode.swift; path = ToDoItem.swift; sourceTree = "<group>"; };
		C9A059041B48DF6700B5BE6A /* ViewController.swift */ = {isa = PBXFileReference; fileEncoding = 4; lastKnownFileType = sourcecode.swift; path = ViewController.swift; sourceTree = "<group>"; };
/* End PBXFileReference section */

/* Begin PBXFrameworksBuildPhase section */
		C944FBA61B48DE7C00BE434C /* Frameworks */ = {
			isa = PBXFrameworksBuildPhase;
			buildActionMask = 2147483647;
			files = (
				C9A059001B48DEF300B5BE6A /* libc++.dylib in Frameworks */,
				C9A058FA1B48DEE900B5BE6A /* Realm.framework in Frameworks */,
				C9A058F91B48DEE200B5BE6A /* RealmSwift.framework in Frameworks */,
			);
			runOnlyForDeploymentPostprocessing = 0;
		};
		C944FBBB1B48DE7C00BE434C /* Frameworks */ = {
			isa = PBXFrameworksBuildPhase;
			buildActionMask = 2147483647;
			files = (
			);
			runOnlyForDeploymentPostprocessing = 0;
		};
/* End PBXFrameworksBuildPhase section */

/* Begin PBXGroup section */
		C90019011B48E0D500547EC7 /* ViewControllers */ = {
			isa = PBXGroup;
			children = (
				C9A059021B48DF6700B5BE6A /* NewItemViewController.swift */,
				C9A059041B48DF6700B5BE6A /* ViewController.swift */,
			);
			name = ViewControllers;
			sourceTree = "<group>";
		};
		C90019021B48E0DE00547EC7 /* RealmObjects */ = {
			isa = PBXGroup;
			children = (
				C9A059031B48DF6700B5BE6A /* ToDoItem.swift */,
			);
			name = RealmObjects;
			sourceTree = "<group>";
		};
		C90019031B48E0FB00547EC7 /* Views */ = {
			isa = PBXGroup;
			children = (
				C944FBB21B48DE7C00BE434C /* Main.storyboard */,
				C944FBB71B48DE7C00BE434C /* LaunchScreen.xib */,
			);
			name = Views;
			sourceTree = "<group>";
		};
		C90019041B48E10200547EC7 /* Models */ = {
			isa = PBXGroup;
			children = (
				C90019021B48E0DE00547EC7 /* RealmObjects */,
			);
			name = Models;
			sourceTree = "<group>";
		};
		C944FBA01B48DE7C00BE434C = {
			isa = PBXGroup;
			children = (
				C944FBAB1B48DE7C00BE434C /* RS-RealmExample */,
				C944FBC11B48DE7C00BE434C /* RS-RealmExampleTests */,
				C944FBAA1B48DE7C00BE434C /* Products */,
			);
			sourceTree = "<group>";
		};
		C944FBAA1B48DE7C00BE434C /* Products */ = {
			isa = PBXGroup;
			children = (
				C944FBA91B48DE7C00BE434C /* RS-RealmExample.app */,
				C944FBBE1B48DE7C00BE434C /* RS-RealmExampleTests.xctest */,
			);
			name = Products;
			sourceTree = "<group>";
		};
		C944FBAB1B48DE7C00BE434C /* RS-RealmExample */ = {
			isa = PBXGroup;
			children = (
				C944FBAE1B48DE7C00BE434C /* AppDelegate.swift */,
				C90019031B48E0FB00547EC7 /* Views */,
				C90019011B48E0D500547EC7 /* ViewControllers */,
				C90019041B48E10200547EC7 /* Models */,
				C944FBAC1B48DE7C00BE434C /* Supporting Files */,
			);
			path = "RS-RealmExample";
			sourceTree = "<group>";
		};
		C944FBAC1B48DE7C00BE434C /* Supporting Files */ = {
			isa = PBXGroup;
			children = (
				C944FBB51B48DE7C00BE434C /* Images.xcassets */,
				C9A059011B48DEFF00B5BE6A /* Frameworks */,
				C944FBAD1B48DE7C00BE434C /* Info.plist */,
			);
			name = "Supporting Files";
			sourceTree = "<group>";
		};
		C944FBC11B48DE7C00BE434C /* RS-RealmExampleTests */ = {
			isa = PBXGroup;
			children = (
				C944FBC41B48DE7C00BE434C /* RS_RealmExampleTests.swift */,
				C944FBC21B48DE7C00BE434C /* Supporting Files */,
			);
			path = "RS-RealmExampleTests";
			sourceTree = "<group>";
		};
		C944FBC21B48DE7C00BE434C /* Supporting Files */ = {
			isa = PBXGroup;
			children = (
				C944FBC31B48DE7C00BE434C /* Info.plist */,
			);
			name = "Supporting Files";
			sourceTree = "<group>";
		};
		C9A059011B48DEFF00B5BE6A /* Frameworks */ = {
			isa = PBXGroup;
			children = (
				C9A058FF1B48DEF300B5BE6A /* libc++.dylib */,
				C9A058F61B48DEE200B5BE6A /* Realm.framework */,
				C9A058F71B48DEE200B5BE6A /* RealmSwift.framework */,
			);
			name = Frameworks;
			path = ..;
			sourceTree = "<group>";
		};
/* End PBXGroup section */

/* Begin PBXNativeTarget section */
		C944FBA81B48DE7C00BE434C /* RS-RealmExample */ = {
			isa = PBXNativeTarget;
			buildConfigurationList = C944FBC81B48DE7C00BE434C /* Build configuration list for PBXNativeTarget "RS-RealmExample" */;
			buildPhases = (
				C944FBA51B48DE7C00BE434C /* Sources */,
				C944FBA61B48DE7C00BE434C /* Frameworks */,
				C944FBA71B48DE7C00BE434C /* Resources */,
				C9A058FE1B48DEE900B5BE6A /* Embed Frameworks */,
			);
			buildRules = (
			);
			dependencies = (
			);
			name = "RS-RealmExample";
			productName = "RS-RealmExample";
			productReference = C944FBA91B48DE7C00BE434C /* RS-RealmExample.app */;
			productType = "com.apple.product-type.application";
		};
		C944FBBD1B48DE7C00BE434C /* RS-RealmExampleTests */ = {
			isa = PBXNativeTarget;
			buildConfigurationList = C944FBCB1B48DE7C00BE434C /* Build configuration list for PBXNativeTarget "RS-RealmExampleTests" */;
			buildPhases = (
				C944FBBA1B48DE7C00BE434C /* Sources */,
				C944FBBB1B48DE7C00BE434C /* Frameworks */,
				C944FBBC1B48DE7C00BE434C /* Resources */,
			);
			buildRules = (
			);
			dependencies = (
				C944FBC01B48DE7C00BE434C /* PBXTargetDependency */,
			);
			name = "RS-RealmExampleTests";
			productName = "RS-RealmExampleTests";
			productReference = C944FBBE1B48DE7C00BE434C /* RS-RealmExampleTests.xctest */;
			productType = "com.apple.product-type.bundle.unit-test";
		};
/* End PBXNativeTarget section */

/* Begin PBXProject section */
		C944FBA11B48DE7C00BE434C /* Project object */ = {
			isa = PBXProject;
			attributes = {
				LastSwiftUpdateCheck = 0700;
				LastUpgradeCheck = 0640;
				ORGANIZATIONNAME = "Raphael Silva";
				TargetAttributes = {
					C944FBA81B48DE7C00BE434C = {
						CreatedOnToolsVersion = 6.4;
					};
					C944FBBD1B48DE7C00BE434C = {
						CreatedOnToolsVersion = 6.4;
						TestTargetID = C944FBA81B48DE7C00BE434C;
					};
				};
			};
			buildConfigurationList = C944FBA41B48DE7C00BE434C /* Build configuration list for PBXProject "RS-RealmExample" */;
			compatibilityVersion = "Xcode 3.2";
			developmentRegion = English;
			hasScannedForEncodings = 0;
			knownRegions = (
				en,
				Base,
			);
			mainGroup = C944FBA01B48DE7C00BE434C;
			productRefGroup = C944FBAA1B48DE7C00BE434C /* Products */;
			projectDirPath = "";
			projectRoot = "";
			targets = (
				C944FBA81B48DE7C00BE434C /* RS-RealmExample */,
				C944FBBD1B48DE7C00BE434C /* RS-RealmExampleTests */,
			);
		};
/* End PBXProject section */

/* Begin PBXResourcesBuildPhase section */
		C944FBA71B48DE7C00BE434C /* Resources */ = {
			isa = PBXResourcesBuildPhase;
			buildActionMask = 2147483647;
			files = (
				C944FBB41B48DE7C00BE434C /* Main.storyboard in Resources */,
				C944FBB91B48DE7C00BE434C /* LaunchScreen.xib in Resources */,
				C944FBB61B48DE7C00BE434C /* Images.xcassets in Resources */,
			);
			runOnlyForDeploymentPostprocessing = 0;
		};
		C944FBBC1B48DE7C00BE434C /* Resources */ = {
			isa = PBXResourcesBuildPhase;
			buildActionMask = 2147483647;
			files = (
			);
			runOnlyForDeploymentPostprocessing = 0;
		};
/* End PBXResourcesBuildPhase section */

/* Begin PBXSourcesBuildPhase section */
		C944FBA51B48DE7C00BE434C /* Sources */ = {
			isa = PBXSourcesBuildPhase;
			buildActionMask = 2147483647;
			files = (
				C9A059051B48DF6700B5BE6A /* NewItemViewController.swift in Sources */,
				C944FBAF1B48DE7C00BE434C /* AppDelegate.swift in Sources */,
				C9A059071B48DF6700B5BE6A /* ViewController.swift in Sources */,
				C9A059061B48DF6700B5BE6A /* ToDoItem.swift in Sources */,
			);
			runOnlyForDeploymentPostprocessing = 0;
		};
		C944FBBA1B48DE7C00BE434C /* Sources */ = {
			isa = PBXSourcesBuildPhase;
			buildActionMask = 2147483647;
			files = (
				C944FBC51B48DE7C00BE434C /* RS_RealmExampleTests.swift in Sources */,
			);
			runOnlyForDeploymentPostprocessing = 0;
		};
/* End PBXSourcesBuildPhase section */

/* Begin PBXTargetDependency section */
		C944FBC01B48DE7C00BE434C /* PBXTargetDependency */ = {
			isa = PBXTargetDependency;
			target = C944FBA81B48DE7C00BE434C /* RS-RealmExample */;
			targetProxy = C944FBBF1B48DE7C00BE434C /* PBXContainerItemProxy */;
		};
/* End PBXTargetDependency section */

/* Begin PBXVariantGroup section */
		C944FBB21B48DE7C00BE434C /* Main.storyboard */ = {
			isa = PBXVariantGroup;
			children = (
				C944FBB31B48DE7C00BE434C /* Base */,
			);
			name = Main.storyboard;
			sourceTree = "<group>";
		};
		C944FBB71B48DE7C00BE434C /* LaunchScreen.xib */ = {
			isa = PBXVariantGroup;
			children = (
				C944FBB81B48DE7C00BE434C /* Base */,
			);
			name = LaunchScreen.xib;
			sourceTree = "<group>";
		};
/* End PBXVariantGroup section */

/* Begin XCBuildConfiguration section */
		C944FBC61B48DE7C00BE434C /* Debug */ = {
			isa = XCBuildConfiguration;
			buildSettings = {
				ALWAYS_SEARCH_USER_PATHS = NO;
				CLANG_CXX_LANGUAGE_STANDARD = "gnu++0x";
				CLANG_CXX_LIBRARY = "libc++";
				CLANG_ENABLE_MODULES = YES;
				CLANG_ENABLE_OBJC_ARC = YES;
				CLANG_WARN_BOOL_CONVERSION = YES;
				CLANG_WARN_CONSTANT_CONVERSION = YES;
				CLANG_WARN_DIRECT_OBJC_ISA_USAGE = YES_ERROR;
				CLANG_WARN_EMPTY_BODY = YES;
				CLANG_WARN_ENUM_CONVERSION = YES;
				CLANG_WARN_INT_CONVERSION = YES;
				CLANG_WARN_OBJC_ROOT_CLASS = YES_ERROR;
				CLANG_WARN_UNREACHABLE_CODE = YES;
				CLANG_WARN__DUPLICATE_METHOD_MATCH = YES;
				"CODE_SIGN_IDENTITY[sdk=iphoneos*]" = "iPhone Developer";
				COPY_PHASE_STRIP = NO;
				DEBUG_INFORMATION_FORMAT = "dwarf-with-dsym";
				ENABLE_STRICT_OBJC_MSGSEND = YES;
				GCC_C_LANGUAGE_STANDARD = gnu99;
				GCC_DYNAMIC_NO_PIC = NO;
				GCC_NO_COMMON_BLOCKS = YES;
				GCC_OPTIMIZATION_LEVEL = 0;
				GCC_PREPROCESSOR_DEFINITIONS = (
					"DEBUG=1",
					"$(inherited)",
				);
				GCC_SYMBOLS_PRIVATE_EXTERN = NO;
				GCC_WARN_64_TO_32_BIT_CONVERSION = YES;
				GCC_WARN_ABOUT_RETURN_TYPE = YES_ERROR;
				GCC_WARN_UNDECLARED_SELECTOR = YES;
				GCC_WARN_UNINITIALIZED_AUTOS = YES_AGGRESSIVE;
				GCC_WARN_UNUSED_FUNCTION = YES;
				GCC_WARN_UNUSED_VARIABLE = YES;
				IPHONEOS_DEPLOYMENT_TARGET = 8.4;
				MTL_ENABLE_DEBUG_INFO = YES;
				ONLY_ACTIVE_ARCH = YES;
				SDKROOT = iphoneos;
				SWIFT_OPTIMIZATION_LEVEL = "-Onone";
				TARGETED_DEVICE_FAMILY = "1,2";
			};
			name = Debug;
		};
		C944FBC71B48DE7C00BE434C /* Release */ = {
			isa = XCBuildConfiguration;
			buildSettings = {
				ALWAYS_SEARCH_USER_PATHS = NO;
				CLANG_CXX_LANGUAGE_STANDARD = "gnu++0x";
				CLANG_CXX_LIBRARY = "libc++";
				CLANG_ENABLE_MODULES = YES;
				CLANG_ENABLE_OBJC_ARC = YES;
				CLANG_WARN_BOOL_CONVERSION = YES;
				CLANG_WARN_CONSTANT_CONVERSION = YES;
				CLANG_WARN_DIRECT_OBJC_ISA_USAGE = YES_ERROR;
				CLANG_WARN_EMPTY_BODY = YES;
				CLANG_WARN_ENUM_CONVERSION = YES;
				CLANG_WARN_INT_CONVERSION = YES;
				CLANG_WARN_OBJC_ROOT_CLASS = YES_ERROR;
				CLANG_WARN_UNREACHABLE_CODE = YES;
				CLANG_WARN__DUPLICATE_METHOD_MATCH = YES;
				"CODE_SIGN_IDENTITY[sdk=iphoneos*]" = "iPhone Developer";
				COPY_PHASE_STRIP = NO;
				DEBUG_INFORMATION_FORMAT = "dwarf-with-dsym";
				ENABLE_NS_ASSERTIONS = NO;
				ENABLE_STRICT_OBJC_MSGSEND = YES;
				GCC_C_LANGUAGE_STANDARD = gnu99;
				GCC_NO_COMMON_BLOCKS = YES;
				GCC_WARN_64_TO_32_BIT_CONVERSION = YES;
				GCC_WARN_ABOUT_RETURN_TYPE = YES_ERROR;
				GCC_WARN_UNDECLARED_SELECTOR = YES;
				GCC_WARN_UNINITIALIZED_AUTOS = YES_AGGRESSIVE;
				GCC_WARN_UNUSED_FUNCTION = YES;
				GCC_WARN_UNUSED_VARIABLE = YES;
				IPHONEOS_DEPLOYMENT_TARGET = 8.4;
				MTL_ENABLE_DEBUG_INFO = NO;
				SDKROOT = iphoneos;
				TARGETED_DEVICE_FAMILY = "1,2";
				VALIDATE_PRODUCT = YES;
			};
			name = Release;
		};
		C944FBC91B48DE7C00BE434C /* Debug */ = {
			isa = XCBuildConfiguration;
			buildSettings = {
				ASSETCATALOG_COMPILER_APPICON_NAME = AppIcon;
				FRAMEWORK_SEARCH_PATHS = (
					"$(inherited)",
					"$(PROJECT_DIR)",
				);
				INFOPLIST_FILE = "RS-RealmExample/Info.plist";
				LD_RUNPATH_SEARCH_PATHS = "$(inherited) @executable_path/Frameworks";
				PRODUCT_NAME = "$(TARGET_NAME)";
			};
			name = Debug;
		};
		C944FBCA1B48DE7C00BE434C /* Release */ = {
			isa = XCBuildConfiguration;
			buildSettings = {
				ASSETCATALOG_COMPILER_APPICON_NAME = AppIcon;
				FRAMEWORK_SEARCH_PATHS = (
					"$(inherited)",
					"$(PROJECT_DIR)",
				);
				INFOPLIST_FILE = "RS-RealmExample/Info.plist";
				LD_RUNPATH_SEARCH_PATHS = "$(inherited) @executable_path/Frameworks";
				PRODUCT_NAME = "$(TARGET_NAME)";
			};
			name = Release;
		};
		C944FBCC1B48DE7C00BE434C /* Debug */ = {
			isa = XCBuildConfiguration;
			buildSettings = {
				BUNDLE_LOADER = "$(TEST_HOST)";
				FRAMEWORK_SEARCH_PATHS = (
					"$(SDKROOT)/Developer/Library/Frameworks",
					"$(inherited)",
				);
				GCC_PREPROCESSOR_DEFINITIONS = (
					"DEBUG=1",
					"$(inherited)",
				);
				INFOPLIST_FILE = "RS-RealmExampleTests/Info.plist";
				LD_RUNPATH_SEARCH_PATHS = "$(inherited) @executable_path/Frameworks @loader_path/Frameworks";
				PRODUCT_NAME = "$(TARGET_NAME)";
				TEST_HOST = "$(BUILT_PRODUCTS_DIR)/RS-RealmExample.app/RS-RealmExample";
			};
			name = Debug;
		};
		C944FBCD1B48DE7C00BE434C /* Release */ = {
			isa = XCBuildConfiguration;
			buildSettings = {
				BUNDLE_LOADER = "$(TEST_HOST)";
				FRAMEWORK_SEARCH_PATHS = (
					"$(SDKROOT)/Developer/Library/Frameworks",
					"$(inherited)",
				);
				INFOPLIST_FILE = "RS-RealmExampleTests/Info.plist";
				LD_RUNPATH_SEARCH_PATHS = "$(inherited) @executable_path/Frameworks @loader_path/Frameworks";
				PRODUCT_NAME = "$(TARGET_NAME)";
				TEST_HOST = "$(BUILT_PRODUCTS_DIR)/RS-RealmExample.app/RS-RealmExample";
			};
			name = Release;
		};
/* End XCBuildConfiguration section */

/* Begin XCConfigurationList section */
		C944FBA41B48DE7C00BE434C /* Build configuration list for PBXProject "RS-RealmExample" */ = {
			isa = XCConfigurationList;
			buildConfigurations = (
				C944FBC61B48DE7C00BE434C /* Debug */,
				C944FBC71B48DE7C00BE434C /* Release */,
			);
			defaultConfigurationIsVisible = 0;
			defaultConfigurationName = Release;
		};
		C944FBC81B48DE7C00BE434C /* Build configuration list for PBXNativeTarget "RS-RealmExample" */ = {
			isa = XCConfigurationList;
			buildConfigurations = (
				C944FBC91B48DE7C00BE434C /* Debug */,
				C944FBCA1B48DE7C00BE434C /* Release */,
			);
			defaultConfigurationIsVisible = 0;
			defaultConfigurationName = Release;
		};
		C944FBCB1B48DE7C00BE434C /* Build configuration list for PBXNativeTarget "RS-RealmExampleTests" */ = {
			isa = XCConfigurationList;
			buildConfigurations = (
				C944FBCC1B48DE7C00BE434C /* Debug */,
				C944FBCD1B48DE7C00BE434C /* Release */,
			);
			defaultConfigurationIsVisible = 0;
			defaultConfigurationName = Release;
		};
/* End XCConfigurationList section */
	};
	rootObject = C944FBA11B48DE7C00BE434C /* Project object */;
}
